// !$*UTF8*$!
{
	archiveVersion = 1;
	classes = {
	};
	objectVersion = 46;
	objects = {

/* Begin PBXBuildFile section */
		55E465AD1F58780F009A1E0B /* AppDelegate.swift in Sources */ = {isa = PBXBuildFile; fileRef = 55E465AC1F58780E009A1E0B /* AppDelegate.swift */; };
		55E465AF1F58780F009A1E0B /* ViewController.swift in Sources */ = {isa = PBXBuildFile; fileRef = 55E465AE1F58780F009A1E0B /* ViewController.swift */; };
		55E465B21F58780F009A1E0B /* Main.storyboard in Resources */ = {isa = PBXBuildFile; fileRef = 55E465B01F58780F009A1E0B /* Main.storyboard */; };
		55E465B41F587810009A1E0B /* Assets.xcassets in Resources */ = {isa = PBXBuildFile; fileRef = 55E465B31F587810009A1E0B /* Assets.xcassets */; };
		55E465B71F587810009A1E0B /* LaunchScreen.storyboard in Resources */ = {isa = PBXBuildFile; fileRef = 55E465B51F587810009A1E0B /* LaunchScreen.storyboard */; };
/* End PBXBuildFile section */

/* Begin PBXFileReference section */
		55E465A91F58780E009A1E0B /* Nothing Special.app */ = {isa = PBXFileReference; explicitFileType = wrapper.application; includeInIndex = 0; path = "Nothing Special.app"; sourceTree = BUILT_PRODUCTS_DIR; };
		55E465AC1F58780E009A1E0B /* AppDelegate.swift */ = {isa = PBXFileReference; lastKnownFileType = sourcecode.swift; path = AppDelegate.swift; sourceTree = "<group>"; };
		55E465AE1F58780F009A1E0B /* ViewController.swift */ = {isa = PBXFileReference; lastKnownFileType = sourcecode.swift; path = ViewController.swift; sourceTree = "<group>"; };
		55E465B11F58780F009A1E0B /* Base */ = {isa = PBXFileReference; lastKnownFileType = file.storyboard; name = Base; path = Base.lproj/Main.storyboard; sourceTree = "<group>"; };
		55E465B31F587810009A1E0B /* Assets.xcassets */ = {isa = PBXFileReference; lastKnownFileType = folder.assetcatalog; path = Assets.xcassets; sourceTree = "<group>"; };
		55E465B61F587810009A1E0B /* Base */ = {isa = PBXFileReference; lastKnownFileType = file.storyboard; name = Base; path = Base.lproj/LaunchScreen.storyboard; sourceTree = "<group>"; };
		55E465B81F587810009A1E0B /* Info.plist */ = {isa = PBXFileReference; lastKnownFileType = text.plist.xml; path = Info.plist; sourceTree = "<group>"; };
/* End PBXFileReference section */

/* Begin PBXFrameworksBuildPhase section */
		55E465A61F58780E009A1E0B /* Frameworks */ = {
			isa = PBXFrameworksBuildPhase;
			buildActionMask = 2147483647;
			files = (
			);
			runOnlyForDeploymentPostprocessing = 0;
		};
/* End PBXFrameworksBuildPhase section */

/* Begin PBXGroup section */
		55E465A01F58780E009A1E0B = {
			isa = PBXGroup;
			children = (
				55E465AB1F58780E009A1E0B /* Nothing Special */,
				55E465AA1F58780E009A1E0B /* Products */,
			);
			sourceTree = "<group>";
		};
		55E465AA1F58780E009A1E0B /* Products */ = {
			isa = PBXGroup;
			children = (
				55E465A91F58780E009A1E0B /* Nothing Special.app */,
			);
			name = Products;
			sourceTree = "<group>";
		};
		55E465AB1F58780E009A1E0B /* Nothing Special */ = {
			isa = PBXGroup;
			children = (
				55E465AC1F58780E009A1E0B /* AppDelegate.swift */,
				55E465AE1F58780F009A1E0B /* ViewController.swift */,
				55E465B01F58780F009A1E0B /* Main.storyboard */,
				55E465B31F587810009A1E0B /* Assets.xcassets */,
				55E465B51F587810009A1E0B /* LaunchScreen.storyboard */,
				55E465B81F587810009A1E0B /* Info.plist */,
			);
			path = "Nothing Special";
			sourceTree = "<group>";
		};
/* End PBXGroup section */

/* Begin PBXNativeTarget section */
		55E465A81F58780E009A1E0B /* Nothing Special */ = {
			isa = PBXNativeTarget;
			buildConfigurationList = 55E465BB1F587810009A1E0B /* Build configuration list for PBXNativeTarget "Nothing Special" */;
			buildPhases = (
				55E465A51F58780E009A1E0B /* Sources */,
				55E465A61F58780E009A1E0B /* Frameworks */,
				55E465A71F58780E009A1E0B /* Resources */,
			);
			buildRules = (
			);
			dependencies = (
			);
			name = "Nothing Special";
			productName = "Nothing Special";
			productReference = 55E465A91F58780E009A1E0B /* Nothing Special.app */;
			productType = "com.apple.product-type.application";
		};
/* End PBXNativeTarget section */

/* Begin PBXProject section */
		55E465A11F58780E009A1E0B /* Project object */ = {
			isa = PBXProject;
			attributes = {
				LastSwiftUpdateCheck = 0830;
				LastUpgradeCheck = 0830;
				ORGANIZATIONNAME = Esmond;
				TargetAttributes = {
					55E465A81F58780E009A1E0B = {
						CreatedOnToolsVersion = 8.3.3;
						DevelopmentTeam = YPTVC4PKGM;
						ProvisioningStyle = Automatic;
					};
				};
			};
			buildConfigurationList = 55E465A41F58780E009A1E0B /* Build configuration list for PBXProject "Nothing Special" */;
			compatibilityVersion = "Xcode 3.2";
			developmentRegion = English;
			hasScannedForEncodings = 0;
			knownRegions = (
				en,
				Base,
			);
			mainGroup = 55E465A01F58780E009A1E0B;
			productRefGroup = 55E465AA1F58780E009A1E0B /* Products */;
			projectDirPath = "";
			projectRoot = "";
			targets = (
				55E465A81F58780E009A1E0B /* Nothing Special */,
			);
		};
/* End PBXProject section */

/* Begin PBXResourcesBuildPhase section */
		55E465A71F58780E009A1E0B /* Resources */ = {
			isa = PBXResourcesBuildPhase;
			buildActionMask = 2147483647;
			files = (
				55E465B71F587810009A1E0B /* LaunchScreen.storyboard in Resources */,
				55E465B41F587810009A1E0B /* Assets.xcassets in Resources */,
				55E465B21F58780F009A1E0B /* Main.storyboard in Resources */,
			);
			runOnlyForDeploymentPostprocessing = 0;
		};
/* End PBXResourcesBuildPhase section */

/* Begin PBXSourcesBuildPhase section */
		55E465A51F58780E009A1E0B /* Sources */ = {
			isa = PBXSourcesBuildPhase;
			buildActionMask = 2147483647;
			files = (
				55E465AF1F58780F009A1E0B /* ViewController.swift in Sources */,
				55E465AD1F58780F009A1E0B /* AppDelegate.swift in Sources */,
			);
			runOnlyForDeploymentPostprocessing = 0;
		};
/* End PBXSourcesBuildPhase section */

/* Begin PBXVariantGroup section */
		55E465B01F58780F009A1E0B /* Main.storyboard */ = {
			isa = PBXVariantGroup;
			children = (
				55E465B11F58780F009A1E0B /* Base */,
			);
			name = Main.storyboard;
			sourceTree = "<group>";
		};
		55E465B51F587810009A1E0B /* LaunchScreen.storyboard */ = {
			isa = PBXVariantGroup;
			children = (
				55E465B61F587810009A1E0B /* Base */,
			);
			name = LaunchScreen.storyboard;
			sourceTree = "<group>";
		};
/* End PBXVariantGroup section */

/* Begin XCBuildConfiguration section */
		55E465B91F587810009A1E0B /* Debug */ = {
			isa = XCBuildConfiguration;
			buildSettings = {
				ALWAYS_SEARCH_USER_PATHS = NO;
				CLANG_ANALYZER_NONNULL = YES;
				CLANG_ANALYZER_NUMBER_OBJECT_CONVERSION = YES_AGGRESSIVE;
				CLANG_CXX_LANGUAGE_STANDARD = "gnu++0x";
				CLANG_CXX_LIBRARY = "libc++";
				CLANG_ENABLE_MODULES = YES;
				CLANG_ENABLE_OBJC_ARC = YES;
				CLANG_WARN_BOOL_CONVERSION = YES;
				CLANG_WARN_CONSTANT_CONVERSION = YES;
				CLANG_WARN_DIRECT_OBJC_ISA_USAGE = YES_ERROR;
				CLANG_WARN_DOCUMENTATION_COMMENTS = YES;
				CLANG_WARN_EMPTY_BODY = YES;
				CLANG_WARN_ENUM_CONVERSION = YES;
				CLANG_WARN_INFINITE_RECURSION = YES;
				CLANG_WARN_INT_CONVERSION = YES;
				CLANG_WARN_OBJC_ROOT_CLASS = YES_ERROR;
				CLANG_WARN_SUSPICIOUS_MOVE = YES;
				CLANG_WARN_UNREACHABLE_CODE = YES;
				CLANG_WARN__DUPLICATE_METHOD_MATCH = YES;
				"CODE_SIGN_IDENTITY[sdk=iphoneos*]" = "iPhone Developer";
				COPY_PHASE_STRIP = NO;
				DEBUG_INFORMATION_FORMAT = dwarf;
				ENABLE_STRICT_OBJC_MSGSEND = YES;
				ENABLE_TESTABILITY = YES;
				GCC_C_LANGUAGE_STANDARD = gnu99;
				GCC_DYNAMIC_NO_PIC = NO;
				GCC_NO_COMMON_BLOCKS = YES;
				GCC_OPTIMIZATION_LEVEL = 0;
				GCC_PREPROCESSOR_DEFINITIONS = (
					"DEBUG=1",
					"$(inherited)",
				);
				GCC_WARN_64_TO_32_BIT_CONVERSION = YES;
				GCC_WARN_ABOUT_RETURN_TYPE = YES_ERROR;
				GCC_WARN_UNDECLARED_SELECTOR = YES;
				GCC_WARN_UNINITIALIZED_AUTOS = YES_AGGRESSIVE;
				GCC_WARN_UNUSED_FUNCTION = YES;
				GCC_WARN_UNUSED_VARIABLE = YES;
				IPHONEOS_DEPLOYMENT_TARGET = 10.3;
				MTL_ENABLE_DEBUG_INFO = YES;
				ONLY_ACTIVE_ARCH = YES;
				SDKROOT = iphoneos;
				SWIFT_ACTIVE_COMPILATION_CONDITIONS = DEBUG;
				SWIFT_OPTIMIZATION_LEVEL = "-Onone";
				TARGETED_DEVICE_FAMILY = "1,2";
			};
			name = Debug;
		};
		55E465BA1F587810009A1E0B /* Release */ = {
			isa = XCBuildConfiguration;
			buildSettings = {
				ALWAYS_SEARCH_USER_PATHS = NO;
				CLANG_ANALYZER_NONNULL = YES;
				CLANG_ANALYZER_NUMBER_OBJECT_CONVERSION = YES_AGGRESSIVE;
				CLANG_CXX_LANGUAGE_STANDARD = "gnu++0x";
				CLANG_CXX_LIBRARY = "libc++";
				CLANG_ENABLE_MODULES = YES;
				CLANG_ENABLE_OBJC_ARC = YES;
				CLANG_WARN_BOOL_CONVERSION = YES;
				CLANG_WARN_CONSTANT_CONVERSION = YES;
				CLANG_WARN_DIRECT_OBJC_ISA_USAGE = YES_ERROR;
				CLANG_WARN_DOCUMENTATION_COMMENTS = YES;
				CLANG_WARN_EMPTY_BODY = YES;
				CLANG_WARN_ENUM_CONVERSION = YES;
				CLANG_WARN_INFINITE_RECURSION = YES;
				CLANG_WARN_INT_CONVERSION = YES;
				CLANG_WARN_OBJC_ROOT_CLASS = YES_ERROR;
				CLANG_WARN_SUSPICIOUS_MOVE = YES;
				CLANG_WARN_UNREACHABLE_CODE = YES;
				CLANG_WARN__DUPLICATE_METHOD_MATCH = YES;
				"CODE_SIGN_IDENTITY[sdk=iphoneos*]" = "iPhone Developer";
				COPY_PHASE_STRIP = NO;
				DEBUG_INFORMATION_FORMAT = "dwarf-with-dsym";
				ENABLE_NS_ASSERTIONS = NO;
				ENABLE_STRICT_OBJC_MSGSEND = YES;
				GCC_C_LANGUAGE_STANDARD = gnu99;
				GCC_NO_COMMON_BLOCKS = YES;
				GCC_WARN_64_TO_32_BIT_CONVERSION = YES;
				GCC_WARN_ABOUT_RETURN_TYPE = YES_ERROR;
				GCC_WARN_UNDECLARED_SELECTOR = YES;
				GCC_WARN_UNINITIALIZED_AUTOS = YES_AGGRESSIVE;
				GCC_WARN_UNUSED_FUNCTION = YES;
				GCC_WARN_UNUSED_VARIABLE = YES;
				IPHONEOS_DEPLOYMENT_TARGET = 10.3;
				MTL_ENABLE_DEBUG_INFO = NO;
				SDKROOT = iphoneos;
				SWIFT_OPTIMIZATION_LEVEL = "-Owholemodule";
				TARGETED_DEVICE_FAMILY = "1,2";
				VALIDATE_PRODUCT = YES;
			};
			name = Release;
		};
		55E465BC1F587810009A1E0B /* Debug */ = {
			isa = XCBuildConfiguration;
			buildSettings = {
				ASSETCATALOG_COMPILER_APPICON_NAME = AppIcon;
				DEVELOPMENT_TEAM = YPTVC4PKGM;
				INFOPLIST_FILE = "Nothing Special/Info.plist";
				LD_RUNPATH_SEARCH_PATHS = "$(inherited) @executable_path/Frameworks";
				PRODUCT_BUNDLE_IDENTIFIER = "biz.esmond.Nothing-Special";
				PRODUCT_NAME = "$(TARGET_NAME)";
				SWIFT_VERSION = 3.0;
			};
			name = Debug;
		};
		55E465BD1F587810009A1E0B /* Release */ = {
			isa = XCBuildConfiguration;
			buildSettings = {
				ASSETCATALOG_COMPILER_APPICON_NAME = AppIcon;
				DEVELOPMENT_TEAM = YPTVC4PKGM;
				INFOPLIST_FILE = "Nothing Special/Info.plist";
				LD_RUNPATH_SEARCH_PATHS = "$(inherited) @executable_path/Frameworks";
				PRODUCT_BUNDLE_IDENTIFIER = "biz.esmond.Nothing-Special";
				PRODUCT_NAME = "$(TARGET_NAME)";
				SWIFT_VERSION = 3.0;
			};
			name = Release;
		};
/* End XCBuildConfiguration section */

/* Begin XCConfigurationList section */
		55E465A41F58780E009A1E0B /* Build configuration list for PBXProject "Nothing Special" */ = {
			isa = XCConfigurationList;
			buildConfigurations = (
				55E465B91F587810009A1E0B /* Debug */,
				55E465BA1F587810009A1E0B /* Release */,
			);
			defaultConfigurationIsVisible = 0;
			defaultConfigurationName = Release;
		};
		55E465BB1F587810009A1E0B /* Build configuration list for PBXNativeTarget "Nothing Special" */ = {
			isa = XCConfigurationList;
			buildConfigurations = (
				55E465BC1F587810009A1E0B /* Debug */,
				55E465BD1F587810009A1E0B /* Release */,
			);
			defaultConfigurationIsVisible = 0;
		};
/* End XCConfigurationList section */
	};
	rootObject = 55E465A11F58780E009A1E0B /* Project object */;
}
